// !$*UTF8*$!
{
	archiveVersion = 1;
	classes = {
	};
	objectVersion = 54;
	objects = {

/* Begin PBXBuildFile section */
		3312262A210D233500802138 /* FactorizeTableViewCell.swift in Sources */ = {isa = PBXBuildFile; fileRef = 33122629210D233500802138 /* FactorizeTableViewCell.swift */; };
		333F996620F2BA33003774D4 /* ListResultsViewController.swift in Sources */ = {isa = PBXBuildFile; fileRef = 333F996520F2BA33003774D4 /* ListResultsViewController.swift */; };
		333F996A20F2D91F003774D4 /* CheckResultsViewController.swift in Sources */ = {isa = PBXBuildFile; fileRef = 333F996920F2D91F003774D4 /* CheckResultsViewController.swift */; };
		333F996F20F3179F003774D4 /* FactorizeResultsViewController.swift in Sources */ = {isa = PBXBuildFile; fileRef = 333F996E20F3179F003774D4 /* FactorizeResultsViewController.swift */; };
		33428EE921AB6A810074F538 /* Const.swift in Sources */ = {isa = PBXBuildFile; fileRef = 33428EE821AB6A810074F538 /* Const.swift */; };
		334C779C20E01E8600BE2C65 /* ListViewController.swift in Sources */ = {isa = PBXBuildFile; fileRef = 334C779B20E01E8600BE2C65 /* ListViewController.swift */; };
		3353807F281B4DE300ECDA35 /* UIFont+Extensions.swift in Sources */ = {isa = PBXBuildFile; fileRef = 3353807E281B4DE300ECDA35 /* UIFont+Extensions.swift */; };
		3357A329210D18290011965D /* ListTableViewCell.swift in Sources */ = {isa = PBXBuildFile; fileRef = 3357A328210D18290011965D /* ListTableViewCell.swift */; };
		336646DB2321A53900674340 /* UInt64+Extension.swift in Sources */ = {isa = PBXBuildFile; fileRef = 336646DA2321A53900674340 /* UInt64+Extension.swift */; };
		3368773221CF65A900D31C18 /* MyTextField.swift in Sources */ = {isa = PBXBuildFile; fileRef = 3368773121CF65A900D31C18 /* MyTextField.swift */; };
		336E7E622917566D00CFB975 /* UIButton+Extensions.swift in Sources */ = {isa = PBXBuildFile; fileRef = 336E7E612917566D00CFB975 /* UIButton+Extensions.swift */; };
		337A682B282F1B5A00E9551F /* PrefactoScreenshots.swift in Sources */ = {isa = PBXBuildFile; fileRef = 337A682A282F1B5A00E9551F /* PrefactoScreenshots.swift */; };
		339CBB88256DD517001F4E2C /* NotificationsNames.swift in Sources */ = {isa = PBXBuildFile; fileRef = 339CBB87256DD517001F4E2C /* NotificationsNames.swift */; };
		33A96A3F20FDFA83009E1DBA /* RandomViewController.swift in Sources */ = {isa = PBXBuildFile; fileRef = 33A96A3E20FDFA83009E1DBA /* RandomViewController.swift */; };
		33A96A4120FDFA8F009E1DBA /* RandomResultsViewController.swift in Sources */ = {isa = PBXBuildFile; fileRef = 33A96A4020FDFA8F009E1DBA /* RandomResultsViewController.swift */; };
		33B3FF3D2830C2B400AAF2BD /* screenshots.sh in Resources */ = {isa = PBXBuildFile; fileRef = 33B3FF3C2830C2B400AAF2BD /* screenshots.sh */; };
		33BE80A4256DF73300928E77 /* UIViewController+Extensions.swift in Sources */ = {isa = PBXBuildFile; fileRef = 33BE80A3256DF73300928E77 /* UIViewController+Extensions.swift */; };
		33C0F18520EF4F180013881A /* Assets.xcassets in Resources */ = {isa = PBXBuildFile; fileRef = 33C0F18320EF4F180013881A /* Assets.xcassets */; };
		33CB11CE20DCB5DB003E7522 /* LaunchScreen.storyboard in Resources */ = {isa = PBXBuildFile; fileRef = 33CB11CA20DCB5DB003E7522 /* LaunchScreen.storyboard */; };
		33CB11CF20DCB5DB003E7522 /* Main.storyboard in Resources */ = {isa = PBXBuildFile; fileRef = 33CB11CC20DCB5DB003E7522 /* Main.storyboard */; };
		33CB11D620DCB607003E7522 /* Default-568h@2x.png in Resources */ = {isa = PBXBuildFile; fileRef = 33CB11D520DCB607003E7522 /* Default-568h@2x.png */; };
		33DBFE5121F0790E00B864AA /* AppDelegate.swift in Sources */ = {isa = PBXBuildFile; fileRef = 33DBFE5021F0790E00B864AA /* AppDelegate.swift */; };
		33EE5BDD20D99F23008FEAF2 /* CheckViewController.swift in Sources */ = {isa = PBXBuildFile; fileRef = 33EE5BDC20D99F23008FEAF2 /* CheckViewController.swift */; };
		33F6747D20DF7C7B0094BCBA /* FactorizeViewController.swift in Sources */ = {isa = PBXBuildFile; fileRef = 33F6747C20DF7C7B0094BCBA /* FactorizeViewController.swift */; };
		650B32AC252FED3E00AA8B4D /* PreviousViewController.swift in Sources */ = {isa = PBXBuildFile; fileRef = 650B32AB252FED3E00AA8B4D /* PreviousViewController.swift */; };
		650B32AF252FEE6F00AA8B4D /* PreviousResultsViewController.swift in Sources */ = {isa = PBXBuildFile; fileRef = 650B32AE252FEE6F00AA8B4D /* PreviousResultsViewController.swift */; };
		652FAD8523838BB700E3B06E /* MainMenuTableViewCell.swift in Sources */ = {isa = PBXBuildFile; fileRef = 652FAD8423838BB700E3B06E /* MainMenuTableViewCell.swift */; };
		652FAD8723838CA500E3B06E /* MainMenuTableViewController.swift in Sources */ = {isa = PBXBuildFile; fileRef = 652FAD8623838CA500E3B06E /* MainMenuTableViewController.swift */; };
		658214AC23CD05A400421152 /* NextResultsViewController.swift in Sources */ = {isa = PBXBuildFile; fileRef = 658214AB23CD05A400421152 /* NextResultsViewController.swift */; };
		65D90C2F23CC0EE80084FB07 /* NextViewController.swift in Sources */ = {isa = PBXBuildFile; fileRef = 65D90C2E23CC0EE80084FB07 /* NextViewController.swift */; };
/* End PBXBuildFile section */

/* Begin PBXContainerItemProxy section */
		337A682E282F1B5A00E9551F /* PBXContainerItemProxy */ = {
			isa = PBXContainerItemProxy;
			containerPortal = 33EE5BBF20D996C4008FEAF2 /* Project object */;
			proxyType = 1;
			remoteGlobalIDString = 33EE5BC620D996C4008FEAF2;
			remoteInfo = Prefacto;
		};
/* End PBXContainerItemProxy section */

/* Begin PBXCopyFilesBuildPhase section */
		330F2BF321E70E9E0012E38D /* Embed Foundation Extensions */ = {
			isa = PBXCopyFilesBuildPhase;
			buildActionMask = 2147483647;
			dstPath = "";
			dstSubfolderSpec = 13;
			files = (
			);
			name = "Embed Foundation Extensions";
			runOnlyForDeploymentPostprocessing = 0;
		};
/* End PBXCopyFilesBuildPhase section */

/* Begin PBXFileReference section */
		33122629210D233500802138 /* FactorizeTableViewCell.swift */ = {isa = PBXFileReference; lastKnownFileType = sourcecode.swift; path = FactorizeTableViewCell.swift; sourceTree = "<group>"; };
		33183F21279E94B100E26202 /* Prime.entitlements */ = {isa = PBXFileReference; lastKnownFileType = text.plist.entitlements; path = Prime.entitlements; sourceTree = "<group>"; };
		333F996520F2BA33003774D4 /* ListResultsViewController.swift */ = {isa = PBXFileReference; lastKnownFileType = sourcecode.swift; path = ListResultsViewController.swift; sourceTree = "<group>"; };
		333F996920F2D91F003774D4 /* CheckResultsViewController.swift */ = {isa = PBXFileReference; lastKnownFileType = sourcecode.swift; path = CheckResultsViewController.swift; sourceTree = "<group>"; };
		333F996E20F3179F003774D4 /* FactorizeResultsViewController.swift */ = {isa = PBXFileReference; lastKnownFileType = sourcecode.swift; path = FactorizeResultsViewController.swift; sourceTree = "<group>"; };
		33428EE821AB6A810074F538 /* Const.swift */ = {isa = PBXFileReference; lastKnownFileType = sourcecode.swift; path = Const.swift; sourceTree = "<group>"; };
		334C779B20E01E8600BE2C65 /* ListViewController.swift */ = {isa = PBXFileReference; lastKnownFileType = sourcecode.swift; path = ListViewController.swift; sourceTree = "<group>"; };
		3353807E281B4DE300ECDA35 /* UIFont+Extensions.swift */ = {isa = PBXFileReference; lastKnownFileType = sourcecode.swift; path = "UIFont+Extensions.swift"; sourceTree = "<group>"; };
		3357A328210D18290011965D /* ListTableViewCell.swift */ = {isa = PBXFileReference; lastKnownFileType = sourcecode.swift; path = ListTableViewCell.swift; sourceTree = "<group>"; };
		336646DA2321A53900674340 /* UInt64+Extension.swift */ = {isa = PBXFileReference; lastKnownFileType = sourcecode.swift; path = "UInt64+Extension.swift"; sourceTree = "<group>"; };
		3368773121CF65A900D31C18 /* MyTextField.swift */ = {isa = PBXFileReference; lastKnownFileType = sourcecode.swift; path = MyTextField.swift; sourceTree = "<group>"; };
		336E7E612917566D00CFB975 /* UIButton+Extensions.swift */ = {isa = PBXFileReference; lastKnownFileType = sourcecode.swift; path = "UIButton+Extensions.swift"; sourceTree = "<group>"; };
		337A6828282F1B5A00E9551F /* PrefactoScreenshots.xctest */ = {isa = PBXFileReference; explicitFileType = wrapper.cfbundle; includeInIndex = 0; path = PrefactoScreenshots.xctest; sourceTree = BUILT_PRODUCTS_DIR; };
		337A682A282F1B5A00E9551F /* PrefactoScreenshots.swift */ = {isa = PBXFileReference; lastKnownFileType = sourcecode.swift; path = PrefactoScreenshots.swift; sourceTree = "<group>"; };
		339CBB87256DD517001F4E2C /* NotificationsNames.swift */ = {isa = PBXFileReference; lastKnownFileType = sourcecode.swift; path = NotificationsNames.swift; sourceTree = "<group>"; };
		33A96A3E20FDFA83009E1DBA /* RandomViewController.swift */ = {isa = PBXFileReference; lastKnownFileType = sourcecode.swift; path = RandomViewController.swift; sourceTree = "<group>"; };
		33A96A4020FDFA8F009E1DBA /* RandomResultsViewController.swift */ = {isa = PBXFileReference; lastKnownFileType = sourcecode.swift; path = RandomResultsViewController.swift; sourceTree = "<group>"; };
		33B3FF3C2830C2B400AAF2BD /* screenshots.sh */ = {isa = PBXFileReference; fileEncoding = 4; lastKnownFileType = text.script.sh; path = screenshots.sh; sourceTree = "<group>"; };
		33BE80A3256DF73300928E77 /* UIViewController+Extensions.swift */ = {isa = PBXFileReference; fileEncoding = 4; lastKnownFileType = sourcecode.swift; path = "UIViewController+Extensions.swift"; sourceTree = "<group>"; };
		33C0F18320EF4F180013881A /* Assets.xcassets */ = {isa = PBXFileReference; lastKnownFileType = folder.assetcatalog; path = Assets.xcassets; sourceTree = "<group>"; };
		33C0F18420EF4F180013881A /* Info.plist */ = {isa = PBXFileReference; fileEncoding = 4; lastKnownFileType = text.plist.xml; path = Info.plist; sourceTree = "<group>"; };
		33CB11CB20DCB5DB003E7522 /* Base */ = {isa = PBXFileReference; lastKnownFileType = file.storyboard; name = Base; path = Base.lproj/LaunchScreen.storyboard; sourceTree = "<group>"; };
		33CB11CD20DCB5DB003E7522 /* Base */ = {isa = PBXFileReference; lastKnownFileType = file.storyboard; name = Base; path = Base.lproj/Main.storyboard; sourceTree = "<group>"; };
		33CB11D520DCB607003E7522 /* Default-568h@2x.png */ = {isa = PBXFileReference; lastKnownFileType = image.png; path = "Default-568h@2x.png"; sourceTree = "<group>"; };
		33DBFE5021F0790E00B864AA /* AppDelegate.swift */ = {isa = PBXFileReference; fileEncoding = 4; lastKnownFileType = sourcecode.swift; name = AppDelegate.swift; path = Prefacto/AppDelegate.swift; sourceTree = "<group>"; };
		33EE5BC720D996C4008FEAF2 /* Prefacto.app */ = {isa = PBXFileReference; explicitFileType = wrapper.application; includeInIndex = 0; path = Prefacto.app; sourceTree = BUILT_PRODUCTS_DIR; };
		33EE5BDC20D99F23008FEAF2 /* CheckViewController.swift */ = {isa = PBXFileReference; lastKnownFileType = sourcecode.swift; path = CheckViewController.swift; sourceTree = "<group>"; };
		33F6747C20DF7C7B0094BCBA /* FactorizeViewController.swift */ = {isa = PBXFileReference; lastKnownFileType = sourcecode.swift; path = FactorizeViewController.swift; sourceTree = "<group>"; };
		650B32AB252FED3E00AA8B4D /* PreviousViewController.swift */ = {isa = PBXFileReference; lastKnownFileType = sourcecode.swift; path = PreviousViewController.swift; sourceTree = "<group>"; };
		650B32AE252FEE6F00AA8B4D /* PreviousResultsViewController.swift */ = {isa = PBXFileReference; lastKnownFileType = sourcecode.swift; path = PreviousResultsViewController.swift; sourceTree = "<group>"; };
		652FAD8423838BB700E3B06E /* MainMenuTableViewCell.swift */ = {isa = PBXFileReference; lastKnownFileType = sourcecode.swift; path = MainMenuTableViewCell.swift; sourceTree = "<group>"; };
		652FAD8623838CA500E3B06E /* MainMenuTableViewController.swift */ = {isa = PBXFileReference; lastKnownFileType = sourcecode.swift; path = MainMenuTableViewController.swift; sourceTree = "<group>"; };
		658214AB23CD05A400421152 /* NextResultsViewController.swift */ = {isa = PBXFileReference; lastKnownFileType = sourcecode.swift; path = NextResultsViewController.swift; sourceTree = "<group>"; };
		65D90C2E23CC0EE80084FB07 /* NextViewController.swift */ = {isa = PBXFileReference; lastKnownFileType = sourcecode.swift; path = NextViewController.swift; sourceTree = "<group>"; };
/* End PBXFileReference section */

/* Begin PBXFrameworksBuildPhase section */
		337A6825282F1B5A00E9551F /* Frameworks */ = {
			isa = PBXFrameworksBuildPhase;
			buildActionMask = 2147483647;
			files = (
			);
			runOnlyForDeploymentPostprocessing = 0;
		};
		33EE5BC420D996C4008FEAF2 /* Frameworks */ = {
			isa = PBXFrameworksBuildPhase;
			buildActionMask = 2147483647;
			files = (
			);
			runOnlyForDeploymentPostprocessing = 0;
		};
/* End PBXFrameworksBuildPhase section */

/* Begin PBXGroup section */
		3317915C20DA042F00CA739F /* Model */ = {
			isa = PBXGroup;
			children = (
				33428EE821AB6A810074F538 /* Const.swift */,
				336646DA2321A53900674340 /* UInt64+Extension.swift */,
				339CBB87256DD517001F4E2C /* NotificationsNames.swift */,
				3353807E281B4DE300ECDA35 /* UIFont+Extensions.swift */,
				33BE80A3256DF73300928E77 /* UIViewController+Extensions.swift */,
				336E7E612917566D00CFB975 /* UIButton+Extensions.swift */,
			);
			path = Model;
			sourceTree = "<group>";
		};
		3317915D20DA047E00CA739F /* Controller */ = {
			isa = PBXGroup;
			children = (
				652FAD812383856300E3B06E /* Menu */,
				333F996820F2D8FF003774D4 /* Check */,
				333F996B20F3173D003774D4 /* Factorize */,
				333F996720F2BA4F003774D4 /* List */,
				33A96A3D20FDFA71009E1DBA /* Random */,
				65D90C2C23CC0EAE0084FB07 /* Next */,
				65D90C2D23CC0EC60084FB07 /* Previous */,
			);
			path = Controller;
			sourceTree = "<group>";
		};
		3317916020DA07CC00CA739F /* View */ = {
			isa = PBXGroup;
			children = (
				3357A328210D18290011965D /* ListTableViewCell.swift */,
				33122629210D233500802138 /* FactorizeTableViewCell.swift */,
				3368773121CF65A900D31C18 /* MyTextField.swift */,
				652FAD8423838BB700E3B06E /* MainMenuTableViewCell.swift */,
			);
			path = View;
			sourceTree = "<group>";
		};
		333F996720F2BA4F003774D4 /* List */ = {
			isa = PBXGroup;
			children = (
				334C779B20E01E8600BE2C65 /* ListViewController.swift */,
				333F996520F2BA33003774D4 /* ListResultsViewController.swift */,
			);
			path = List;
			sourceTree = "<group>";
		};
		333F996820F2D8FF003774D4 /* Check */ = {
			isa = PBXGroup;
			children = (
				33EE5BDC20D99F23008FEAF2 /* CheckViewController.swift */,
				333F996920F2D91F003774D4 /* CheckResultsViewController.swift */,
			);
			path = Check;
			sourceTree = "<group>";
		};
		333F996B20F3173D003774D4 /* Factorize */ = {
			isa = PBXGroup;
			children = (
				33F6747C20DF7C7B0094BCBA /* FactorizeViewController.swift */,
				333F996E20F3179F003774D4 /* FactorizeResultsViewController.swift */,
			);
			path = Factorize;
			sourceTree = "<group>";
		};
		337A6829282F1B5A00E9551F /* PrefactoScreenshots */ = {
			isa = PBXGroup;
			children = (
				337A682A282F1B5A00E9551F /* PrefactoScreenshots.swift */,
				33B3FF3C2830C2B400AAF2BD /* screenshots.sh */,
			);
			path = PrefactoScreenshots;
			sourceTree = "<group>";
		};
		33A96A3D20FDFA71009E1DBA /* Random */ = {
			isa = PBXGroup;
			children = (
				33A96A3E20FDFA83009E1DBA /* RandomViewController.swift */,
				33A96A4020FDFA8F009E1DBA /* RandomResultsViewController.swift */,
			);
			path = Random;
			sourceTree = "<group>";
		};
		33C0F18220EF4F180013881A /* Assets */ = {
			isa = PBXGroup;
			children = (
				33C0F18320EF4F180013881A /* Assets.xcassets */,
				33C0F18420EF4F180013881A /* Info.plist */,
			);
			path = Assets;
			sourceTree = "<group>";
		};
		33CB11C920DCB5DB003E7522 /* Storyboard */ = {
			isa = PBXGroup;
			children = (
				33CB11CC20DCB5DB003E7522 /* Main.storyboard */,
				33CB11CA20DCB5DB003E7522 /* LaunchScreen.storyboard */,
				33CB11D520DCB607003E7522 /* Default-568h@2x.png */,
			);
			path = Storyboard;
			sourceTree = "<group>";
		};
		33EE5BBE20D996C4008FEAF2 = {
			isa = PBXGroup;
			children = (
				33DBFE5021F0790E00B864AA /* AppDelegate.swift */,
				33EE5BC920D996C4008FEAF2 /* Prefacto */,
				337A6829282F1B5A00E9551F /* PrefactoScreenshots */,
				33EE5BC820D996C4008FEAF2 /* Products */,
			);
			sourceTree = "<group>";
		};
		33EE5BC820D996C4008FEAF2 /* Products */ = {
			isa = PBXGroup;
			children = (
				33EE5BC720D996C4008FEAF2 /* Prefacto.app */,
				337A6828282F1B5A00E9551F /* PrefactoScreenshots.xctest */,
			);
			name = Products;
			sourceTree = "<group>";
		};
		33EE5BC920D996C4008FEAF2 /* Prefacto */ = {
			isa = PBXGroup;
			children = (
				33183F21279E94B100E26202 /* Prime.entitlements */,
				3317915C20DA042F00CA739F /* Model */,
				3317916020DA07CC00CA739F /* View */,
				3317915D20DA047E00CA739F /* Controller */,
				33CB11C920DCB5DB003E7522 /* Storyboard */,
				33C0F18220EF4F180013881A /* Assets */,
			);
			path = Prefacto;
			sourceTree = "<group>";
		};
		652FAD812383856300E3B06E /* Menu */ = {
			isa = PBXGroup;
			children = (
				652FAD8623838CA500E3B06E /* MainMenuTableViewController.swift */,
			);
			path = Menu;
			sourceTree = "<group>";
		};
		65D90C2C23CC0EAE0084FB07 /* Next */ = {
			isa = PBXGroup;
			children = (
				65D90C2E23CC0EE80084FB07 /* NextViewController.swift */,
				658214AB23CD05A400421152 /* NextResultsViewController.swift */,
			);
			path = Next;
			sourceTree = "<group>";
		};
		65D90C2D23CC0EC60084FB07 /* Previous */ = {
			isa = PBXGroup;
			children = (
				650B32AB252FED3E00AA8B4D /* PreviousViewController.swift */,
				650B32AE252FEE6F00AA8B4D /* PreviousResultsViewController.swift */,
			);
			path = Previous;
			sourceTree = "<group>";
		};
/* End PBXGroup section */

/* Begin PBXNativeTarget section */
		337A6827282F1B5A00E9551F /* PrefactoScreenshots */ = {
			isa = PBXNativeTarget;
			buildConfigurationList = 337A6832282F1B5A00E9551F /* Build configuration list for PBXNativeTarget "PrefactoScreenshots" */;
			buildPhases = (
				337A6824282F1B5A00E9551F /* Sources */,
				337A6825282F1B5A00E9551F /* Frameworks */,
				337A6826282F1B5A00E9551F /* Resources */,
			);
			buildRules = (
			);
			dependencies = (
				337A682F282F1B5A00E9551F /* PBXTargetDependency */,
			);
			name = PrefactoScreenshots;
			productName = PrefactoScreenshots;
			productReference = 337A6828282F1B5A00E9551F /* PrefactoScreenshots.xctest */;
			productType = "com.apple.product-type.bundle.ui-testing";
		};
		33EE5BC620D996C4008FEAF2 /* Prefacto */ = {
			isa = PBXNativeTarget;
			buildConfigurationList = 33EE5BD920D996C7008FEAF2 /* Build configuration list for PBXNativeTarget "Prefacto" */;
			buildPhases = (
				33EE5BC320D996C4008FEAF2 /* Sources */,
				33EE5BC420D996C4008FEAF2 /* Frameworks */,
				33EE5BC520D996C4008FEAF2 /* Resources */,
				334E931221B627A400C6CEDD /* ShellScript */,
				330F2BF321E70E9E0012E38D /* Embed Foundation Extensions */,
			);
			buildRules = (
			);
			dependencies = (
			);
			name = Prefacto;
			productName = "Is It Prime";
			productReference = 33EE5BC720D996C4008FEAF2 /* Prefacto.app */;
			productType = "com.apple.product-type.application";
		};
/* End PBXNativeTarget section */

/* Begin PBXProject section */
		33EE5BBF20D996C4008FEAF2 /* Project object */ = {
			isa = PBXProject;
			attributes = {
				LastSwiftUpdateCheck = 1330;
				LastUpgradeCheck = 1400;
				ORGANIZATIONNAME = "Dani Springer";
				TargetAttributes = {
					337A6827282F1B5A00E9551F = {
						CreatedOnToolsVersion = 13.3.1;
						TestTargetID = 33EE5BC620D996C4008FEAF2;
					};
					33EE5BC620D996C4008FEAF2 = {
						CreatedOnToolsVersion = 9.4.1;
						LastSwiftMigration = 1020;
						SystemCapabilities = {
							com.apple.Push = {
								enabled = 0;
							};
							com.apple.Siri = {
								enabled = 1;
							};
						};
					};
				};
			};
			buildConfigurationList = 33EE5BC220D996C4008FEAF2 /* Build configuration list for PBXProject "Prefacto" */;
			compatibilityVersion = "Xcode 10.0";
			developmentRegion = en;
			hasScannedForEncodings = 0;
			knownRegions = (
				en,
				Base,
			);
			mainGroup = 33EE5BBE20D996C4008FEAF2;
			productRefGroup = 33EE5BC820D996C4008FEAF2 /* Products */;
			projectDirPath = "";
			projectRoot = "";
			targets = (
				33EE5BC620D996C4008FEAF2 /* Prefacto */,
				337A6827282F1B5A00E9551F /* PrefactoScreenshots */,
			);
		};
/* End PBXProject section */

/* Begin PBXResourcesBuildPhase section */
		337A6826282F1B5A00E9551F /* Resources */ = {
			isa = PBXResourcesBuildPhase;
			buildActionMask = 2147483647;
			files = (
				33B3FF3D2830C2B400AAF2BD /* screenshots.sh in Resources */,
			);
			runOnlyForDeploymentPostprocessing = 0;
		};
		33EE5BC520D996C4008FEAF2 /* Resources */ = {
			isa = PBXResourcesBuildPhase;
			buildActionMask = 2147483647;
			files = (
				33CB11CF20DCB5DB003E7522 /* Main.storyboard in Resources */,
				33CB11CE20DCB5DB003E7522 /* LaunchScreen.storyboard in Resources */,
				33CB11D620DCB607003E7522 /* Default-568h@2x.png in Resources */,
				33C0F18520EF4F180013881A /* Assets.xcassets in Resources */,
			);
			runOnlyForDeploymentPostprocessing = 0;
		};
/* End PBXResourcesBuildPhase section */

/* Begin PBXShellScriptBuildPhase section */
		334E931221B627A400C6CEDD /* ShellScript */ = {
			isa = PBXShellScriptBuildPhase;
			alwaysOutOfDate = 1;
			buildActionMask = 2147483647;
			files = (
			);
			inputFileListPaths = (
			);
			inputPaths = (
			);
			outputFileListPaths = (
			);
			outputPaths = (
			);
			runOnlyForDeploymentPostprocessing = 0;
			shellPath = /bin/sh;
			shellScript = "# Type a script or drag a script file from your workspace to insert its path.\nif which swiftlint >/dev/null; then\nswiftlint\nelse\necho \"warning: SwiftLint not installed, download from https://github.com/realm/SwiftLint\"\nfi\n";
		};
/* End PBXShellScriptBuildPhase section */

/* Begin PBXSourcesBuildPhase section */
		337A6824282F1B5A00E9551F /* Sources */ = {
			isa = PBXSourcesBuildPhase;
			buildActionMask = 2147483647;
			files = (
				337A682B282F1B5A00E9551F /* PrefactoScreenshots.swift in Sources */,
			);
			runOnlyForDeploymentPostprocessing = 0;
		};
		33EE5BC320D996C4008FEAF2 /* Sources */ = {
			isa = PBXSourcesBuildPhase;
			buildActionMask = 2147483647;
			files = (
				658214AC23CD05A400421152 /* NextResultsViewController.swift in Sources */,
				336E7E622917566D00CFB975 /* UIButton+Extensions.swift in Sources */,
				650B32AC252FED3E00AA8B4D /* PreviousViewController.swift in Sources */,
				33428EE921AB6A810074F538 /* Const.swift in Sources */,
				33A96A4120FDFA8F009E1DBA /* RandomResultsViewController.swift in Sources */,
				33BE80A4256DF73300928E77 /* UIViewController+Extensions.swift in Sources */,
				33DBFE5121F0790E00B864AA /* AppDelegate.swift in Sources */,
				650B32AF252FEE6F00AA8B4D /* PreviousResultsViewController.swift in Sources */,
				3368773221CF65A900D31C18 /* MyTextField.swift in Sources */,
				65D90C2F23CC0EE80084FB07 /* NextViewController.swift in Sources */,
				3353807F281B4DE300ECDA35 /* UIFont+Extensions.swift in Sources */,
				339CBB88256DD517001F4E2C /* NotificationsNames.swift in Sources */,
				652FAD8523838BB700E3B06E /* MainMenuTableViewCell.swift in Sources */,
				333F996620F2BA33003774D4 /* ListResultsViewController.swift in Sources */,
				334C779C20E01E8600BE2C65 /* ListViewController.swift in Sources */,
				3357A329210D18290011965D /* ListTableViewCell.swift in Sources */,
				33EE5BDD20D99F23008FEAF2 /* CheckViewController.swift in Sources */,
				336646DB2321A53900674340 /* UInt64+Extension.swift in Sources */,
				33F6747D20DF7C7B0094BCBA /* FactorizeViewController.swift in Sources */,
				333F996A20F2D91F003774D4 /* CheckResultsViewController.swift in Sources */,
				33A96A3F20FDFA83009E1DBA /* RandomViewController.swift in Sources */,
				3312262A210D233500802138 /* FactorizeTableViewCell.swift in Sources */,
				333F996F20F3179F003774D4 /* FactorizeResultsViewController.swift in Sources */,
				652FAD8723838CA500E3B06E /* MainMenuTableViewController.swift in Sources */,
			);
			runOnlyForDeploymentPostprocessing = 0;
		};
/* End PBXSourcesBuildPhase section */

/* Begin PBXTargetDependency section */
		337A682F282F1B5A00E9551F /* PBXTargetDependency */ = {
			isa = PBXTargetDependency;
			target = 33EE5BC620D996C4008FEAF2 /* Prefacto */;
			targetProxy = 337A682E282F1B5A00E9551F /* PBXContainerItemProxy */;
		};
/* End PBXTargetDependency section */

/* Begin PBXVariantGroup section */
		33CB11CA20DCB5DB003E7522 /* LaunchScreen.storyboard */ = {
			isa = PBXVariantGroup;
			children = (
				33CB11CB20DCB5DB003E7522 /* Base */,
			);
			name = LaunchScreen.storyboard;
			sourceTree = "<group>";
		};
		33CB11CC20DCB5DB003E7522 /* Main.storyboard */ = {
			isa = PBXVariantGroup;
			children = (
				33CB11CD20DCB5DB003E7522 /* Base */,
			);
			name = Main.storyboard;
			sourceTree = "<group>";
		};
/* End PBXVariantGroup section */

/* Begin XCBuildConfiguration section */
		337A6830282F1B5A00E9551F /* Debug */ = {
			isa = XCBuildConfiguration;
			buildSettings = {
				CLANG_CXX_LANGUAGE_STANDARD = "gnu++17";
				CODE_SIGN_STYLE = Automatic;
				CURRENT_PROJECT_VERSION = 1;
				DEVELOPMENT_TEAM = JMVGHP3288;
				GENERATE_INFOPLIST_FILE = YES;
				IPHONEOS_DEPLOYMENT_TARGET = 15.4;
				MARKETING_VERSION = 1.0;
				MTL_ENABLE_DEBUG_INFO = INCLUDE_SOURCE;
				MTL_FAST_MATH = YES;
				PRODUCT_BUNDLE_IDENTIFIER = identifiergoeshere.PrefactoScreenshots;
				PRODUCT_NAME = "$(TARGET_NAME)";
				SWIFT_EMIT_LOC_STRINGS = NO;
				SWIFT_VERSION = 5.0;
				TARGETED_DEVICE_FAMILY = "1,2";
				TEST_TARGET_NAME = Prefacto;
			};
			name = Debug;
		};
		337A6831282F1B5A00E9551F /* Release */ = {
			isa = XCBuildConfiguration;
			buildSettings = {
				CLANG_CXX_LANGUAGE_STANDARD = "gnu++17";
				CODE_SIGN_STYLE = Automatic;
				CURRENT_PROJECT_VERSION = 1;
				DEVELOPMENT_TEAM = JMVGHP3288;
				GENERATE_INFOPLIST_FILE = YES;
				IPHONEOS_DEPLOYMENT_TARGET = 15.4;
				MARKETING_VERSION = 1.0;
				MTL_FAST_MATH = YES;
				PRODUCT_BUNDLE_IDENTIFIER = identifiergoeshere.PrefactoScreenshots;
				PRODUCT_NAME = "$(TARGET_NAME)";
				SWIFT_EMIT_LOC_STRINGS = NO;
				SWIFT_VERSION = 5.0;
				TARGETED_DEVICE_FAMILY = "1,2";
				TEST_TARGET_NAME = Prefacto;
			};
			name = Release;
		};
		33EE5BD720D996C7008FEAF2 /* Debug */ = {
			isa = XCBuildConfiguration;
			buildSettings = {
				ALWAYS_SEARCH_USER_PATHS = NO;
				CLANG_ANALYZER_LOCALIZABILITY_NONLOCALIZED = YES;
				CLANG_ANALYZER_NONNULL = YES;
				CLANG_ANALYZER_NUMBER_OBJECT_CONVERSION = YES_AGGRESSIVE;
				CLANG_CXX_LANGUAGE_STANDARD = "gnu++14";
				CLANG_CXX_LIBRARY = "libc++";
				CLANG_ENABLE_MODULES = YES;
				CLANG_ENABLE_OBJC_ARC = YES;
				CLANG_ENABLE_OBJC_WEAK = YES;
				CLANG_WARN_BLOCK_CAPTURE_AUTORELEASING = YES;
				CLANG_WARN_BOOL_CONVERSION = YES;
				CLANG_WARN_COMMA = YES;
				CLANG_WARN_CONSTANT_CONVERSION = YES;
				CLANG_WARN_DEPRECATED_OBJC_IMPLEMENTATIONS = YES;
				CLANG_WARN_DIRECT_OBJC_ISA_USAGE = YES_ERROR;
				CLANG_WARN_DOCUMENTATION_COMMENTS = YES;
				CLANG_WARN_EMPTY_BODY = YES;
				CLANG_WARN_ENUM_CONVERSION = YES;
				CLANG_WARN_INFINITE_RECURSION = YES;
				CLANG_WARN_INT_CONVERSION = YES;
				CLANG_WARN_NON_LITERAL_NULL_CONVERSION = YES;
				CLANG_WARN_OBJC_IMPLICIT_RETAIN_SELF = YES;
				CLANG_WARN_OBJC_LITERAL_CONVERSION = YES;
				CLANG_WARN_OBJC_ROOT_CLASS = YES_ERROR;
				CLANG_WARN_QUOTED_INCLUDE_IN_FRAMEWORK_HEADER = YES;
				CLANG_WARN_RANGE_LOOP_ANALYSIS = YES;
				CLANG_WARN_STRICT_PROTOTYPES = YES;
				CLANG_WARN_SUSPICIOUS_MOVE = YES;
				CLANG_WARN_UNGUARDED_AVAILABILITY = YES_AGGRESSIVE;
				CLANG_WARN_UNREACHABLE_CODE = YES;
				CLANG_WARN__DUPLICATE_METHOD_MATCH = YES;
				CODE_SIGN_IDENTITY = "iPhone Developer";
				COPY_PHASE_STRIP = NO;
				DEBUG_INFORMATION_FORMAT = dwarf;
				ENABLE_STRICT_OBJC_MSGSEND = YES;
				ENABLE_TESTABILITY = YES;
				GCC_C_LANGUAGE_STANDARD = gnu11;
				GCC_DYNAMIC_NO_PIC = NO;
				GCC_NO_COMMON_BLOCKS = YES;
				GCC_OPTIMIZATION_LEVEL = 0;
				GCC_PREPROCESSOR_DEFINITIONS = (
					"DEBUG=1",
					"$(inherited)",
				);
				GCC_WARN_64_TO_32_BIT_CONVERSION = YES;
				GCC_WARN_ABOUT_RETURN_TYPE = YES_ERROR;
				GCC_WARN_UNDECLARED_SELECTOR = YES;
				GCC_WARN_UNINITIALIZED_AUTOS = YES_AGGRESSIVE;
				GCC_WARN_UNUSED_FUNCTION = YES;
				GCC_WARN_UNUSED_VARIABLE = YES;
				IPHONEOS_DEPLOYMENT_TARGET = 15.0;
				MTL_ENABLE_DEBUG_INFO = YES;
				ONLY_ACTIVE_ARCH = YES;
				SDKROOT = iphoneos;
				SWIFT_ACTIVE_COMPILATION_CONDITIONS = DEBUG;
				SWIFT_OPTIMIZATION_LEVEL = "-Onone";
			};
			name = Debug;
		};
		33EE5BD820D996C7008FEAF2 /* Release */ = {
			isa = XCBuildConfiguration;
			buildSettings = {
				ALWAYS_SEARCH_USER_PATHS = NO;
				CLANG_ANALYZER_LOCALIZABILITY_NONLOCALIZED = YES;
				CLANG_ANALYZER_NONNULL = YES;
				CLANG_ANALYZER_NUMBER_OBJECT_CONVERSION = YES_AGGRESSIVE;
				CLANG_CXX_LANGUAGE_STANDARD = "gnu++14";
				CLANG_CXX_LIBRARY = "libc++";
				CLANG_ENABLE_MODULES = YES;
				CLANG_ENABLE_OBJC_ARC = YES;
				CLANG_ENABLE_OBJC_WEAK = YES;
				CLANG_WARN_BLOCK_CAPTURE_AUTORELEASING = YES;
				CLANG_WARN_BOOL_CONVERSION = YES;
				CLANG_WARN_COMMA = YES;
				CLANG_WARN_CONSTANT_CONVERSION = YES;
				CLANG_WARN_DEPRECATED_OBJC_IMPLEMENTATIONS = YES;
				CLANG_WARN_DIRECT_OBJC_ISA_USAGE = YES_ERROR;
				CLANG_WARN_DOCUMENTATION_COMMENTS = YES;
				CLANG_WARN_EMPTY_BODY = YES;
				CLANG_WARN_ENUM_CONVERSION = YES;
				CLANG_WARN_INFINITE_RECURSION = YES;
				CLANG_WARN_INT_CONVERSION = YES;
				CLANG_WARN_NON_LITERAL_NULL_CONVERSION = YES;
				CLANG_WARN_OBJC_IMPLICIT_RETAIN_SELF = YES;
				CLANG_WARN_OBJC_LITERAL_CONVERSION = YES;
				CLANG_WARN_OBJC_ROOT_CLASS = YES_ERROR;
				CLANG_WARN_QUOTED_INCLUDE_IN_FRAMEWORK_HEADER = YES;
				CLANG_WARN_RANGE_LOOP_ANALYSIS = YES;
				CLANG_WARN_STRICT_PROTOTYPES = YES;
				CLANG_WARN_SUSPICIOUS_MOVE = YES;
				CLANG_WARN_UNGUARDED_AVAILABILITY = YES_AGGRESSIVE;
				CLANG_WARN_UNREACHABLE_CODE = YES;
				CLANG_WARN__DUPLICATE_METHOD_MATCH = YES;
				CODE_SIGN_IDENTITY = "iPhone Developer";
				COPY_PHASE_STRIP = NO;
				DEBUG_INFORMATION_FORMAT = "dwarf-with-dsym";
				ENABLE_NS_ASSERTIONS = NO;
				ENABLE_STRICT_OBJC_MSGSEND = YES;
				GCC_C_LANGUAGE_STANDARD = gnu11;
				GCC_NO_COMMON_BLOCKS = YES;
				GCC_WARN_64_TO_32_BIT_CONVERSION = YES;
				GCC_WARN_ABOUT_RETURN_TYPE = YES_ERROR;
				GCC_WARN_UNDECLARED_SELECTOR = YES;
				GCC_WARN_UNINITIALIZED_AUTOS = YES_AGGRESSIVE;
				GCC_WARN_UNUSED_FUNCTION = YES;
				GCC_WARN_UNUSED_VARIABLE = YES;
				IPHONEOS_DEPLOYMENT_TARGET = 15.0;
				MTL_ENABLE_DEBUG_INFO = NO;
				SDKROOT = iphoneos;
				SWIFT_COMPILATION_MODE = wholemodule;
				SWIFT_OPTIMIZATION_LEVEL = "-O";
				VALIDATE_PRODUCT = YES;
			};
			name = Release;
		};
		33EE5BDA20D996C7008FEAF2 /* Debug */ = {
			isa = XCBuildConfiguration;
			buildSettings = {
				ALWAYS_EMBED_SWIFT_STANDARD_LIBRARIES = YES;
				ASSETCATALOG_COMPILER_APPICON_NAME = AppIcon;
				CODE_SIGN_ENTITLEMENTS = Prefacto/Prime.entitlements;
				CODE_SIGN_IDENTITY = "Apple Development";
				CODE_SIGN_STYLE = Automatic;
				CURRENT_PROJECT_VERSION = 1;
				DEVELOPMENT_TEAM = JMVGHP3288;
				INFOPLIST_FILE = "$(SRCROOT)/Prefacto/Assets/Info.plist";
				IPHONEOS_DEPLOYMENT_TARGET = 15.0;
				LD_RUNPATH_SEARCH_PATHS = (
					"$(inherited)",
					"@executable_path/Frameworks",
				);
				MARKETING_VERSION = 7.36;
				PRODUCT_BUNDLE_IDENTIFIER = "io.github.danispringer.Prime-Numbers-Fun";
				PRODUCT_NAME = "$(TARGET_NAME)";
				PROVISIONING_PROFILE_SPECIFIER = "";
				SUPPORTED_PLATFORMS = "iphoneos iphonesimulator";
				SUPPORTS_MACCATALYST = NO;
				SUPPORTS_MAC_DESIGNED_FOR_IPHONE_IPAD = YES;
				SWIFT_VERSION = 5.0;
				TARGETED_DEVICE_FAMILY = "1,2";
				VERSIONING_SYSTEM = "apple-generic";
			};
			name = Debug;
		};
		33EE5BDB20D996C7008FEAF2 /* Release */ = {
			isa = XCBuildConfiguration;
			buildSettings = {
				ALWAYS_EMBED_SWIFT_STANDARD_LIBRARIES = YES;
				ASSETCATALOG_COMPILER_APPICON_NAME = AppIcon;
				CODE_SIGN_ENTITLEMENTS = Prefacto/Prime.entitlements;
				CODE_SIGN_IDENTITY = "Apple Development";
				CODE_SIGN_STYLE = Automatic;
				CURRENT_PROJECT_VERSION = 1;
				DEVELOPMENT_TEAM = JMVGHP3288;
				INFOPLIST_FILE = "$(SRCROOT)/Prefacto/Assets/Info.plist";
				IPHONEOS_DEPLOYMENT_TARGET = 15.0;
				LD_RUNPATH_SEARCH_PATHS = (
					"$(inherited)",
					"@executable_path/Frameworks",
				);
				MARKETING_VERSION = 7.36;
				PRODUCT_BUNDLE_IDENTIFIER = "io.github.danispringer.Prime-Numbers-Fun";
				PRODUCT_NAME = "$(TARGET_NAME)";
				PROVISIONING_PROFILE_SPECIFIER = "";
				SUPPORTED_PLATFORMS = "iphoneos iphonesimulator";
				SUPPORTS_MACCATALYST = NO;
				SUPPORTS_MAC_DESIGNED_FOR_IPHONE_IPAD = YES;
				SWIFT_VERSION = 5.0;
				TARGETED_DEVICE_FAMILY = "1,2";
				VERSIONING_SYSTEM = "apple-generic";
			};
			name = Release;
		};
/* End XCBuildConfiguration section */

/* Begin XCConfigurationList section */
		337A6832282F1B5A00E9551F /* Build configuration list for PBXNativeTarget "PrefactoScreenshots" */ = {
			isa = XCConfigurationList;
			buildConfigurations = (
				337A6830282F1B5A00E9551F /* Debug */,
				337A6831282F1B5A00E9551F /* Release */,
			);
			defaultConfigurationIsVisible = 0;
			defaultConfigurationName = Release;
		};
		33EE5BC220D996C4008FEAF2 /* Build configuration list for PBXProject "Prefacto" */ = {
			isa = XCConfigurationList;
			buildConfigurations = (
				33EE5BD720D996C7008FEAF2 /* Debug */,
				33EE5BD820D996C7008FEAF2 /* Release */,
			);
			defaultConfigurationIsVisible = 0;
			defaultConfigurationName = Release;
		};
		33EE5BD920D996C7008FEAF2 /* Build configuration list for PBXNativeTarget "Prefacto" */ = {
			isa = XCConfigurationList;
			buildConfigurations = (
				33EE5BDA20D996C7008FEAF2 /* Debug */,
				33EE5BDB20D996C7008FEAF2 /* Release */,
			);
			defaultConfigurationIsVisible = 0;
			defaultConfigurationName = Release;
		};
/* End XCConfigurationList section */
	};
	rootObject = 33EE5BBF20D996C4008FEAF2 /* Project object */;
}
